# This file is autogenerated, do not edit; changes may be undone by the next 'dep ensure'.


[[projects]]
  name = "github.com/mattn/go-sqlite3"
  packages = ["."]
  revision = "ca5e3819723d8eeaf170ad510e7da1d6d2e94a08"
  version = "v1.2.0"

[[projects]]
  branch = "master"
  name = "github.com/roobert/dms"
  packages = ["error"]
  revision = "97f67e6b9773914968fedf9005f25fa12d9770a9"

[[projects]]
  branch = "master"
  name = "github.com/twpayne/go-geom"
  packages = ["."]
  revision = "f8ead8b4672e0bb05caf5ef179962cc7a9f8f876"

[[projects]]
  branch = "master"
  name = "github.com/twpayne/go-gpx"
  packages = ["."]
  revision = "f52e5d4522a3bd9c8096e96fb2692ceb62cf79b6"

[[projects]]
  branch = "master"
  name = "golang.org/x/net"
  packages = ["context","html","html/atom","html/charset"]
  revision = "a04bdaca5b32abe1c069418fb7088ae607de5bd0"

[[projects]]
  branch = "master"
  name = "golang.org/x/text"
  packages = ["encoding","encoding/charmap","encoding/htmlindex","encoding/internal","encoding/internal/identifier","encoding/japanese","encoding/korean","encoding/simplifiedchinese","encoding/traditionalchinese","encoding/unicode","internal/gen","internal/tag","internal/utf8internal","language","runes","transform","unicode/cldr"]
  revision = "c01e4764d870b77f8abe5096ee19ad20d80e8075"

[solve-meta]
  analyzer-name = "dep"
  analyzer-version = 1
  inputs-digest = "3f47d3d31e8424a66c43798fe817de5f759adbd7c9b149c0091b34fc7b3b4c01"
  solver-name = "gps-cdcl"
  solver-version = 1
